{
  "requires": true,
  "lockfileVersion": 1,
  "dependencies": {
    "laravel-echo": {
      "version": "1.7.0",
      "resolved": "https://registry.npmjs.org/laravel-echo/-/laravel-echo-1.7.0.tgz",
      "integrity": "sha512-ZihYxqqhR1FAllsdYLwHHkopyN9pujG4H0p2SIK1r4sTnQnZw+P9WAkDF3QoHJFoCo44AUKWmyw7G/HqWgnObQ=="
    }
  }
}
